
Microsoft Visual Studio Solution File, Format Version 12.00
# Visual Studio Version 16
VisualStudioVersion = 16.0.30320.27
MinimumVisualStudioVersion = 10.0.40219.1
Project("{9A19103F-16F7-4668-BE54-9A1E7A4F7556}") = "SUS.HTTP", "SUS.HTTP\SUS.HTTP.csproj", "{B208202B-B526-4C75-AEB8-A5EC3C9F72CC}"
EndProject
Project("{9A19103F-16F7-4668-BE54-9A1E7A4F7556}") = "SUS.MVCFramework", "SUS.MVCFramework\SUS.MVCFramework.csproj", "{C72F093C-81DC-482D-80EC-79AC53EDECDD}"
EndProject
Project("{2150E333-8FDC-42A3-9474-1A3956D46DE8}") = "Apps", "Apps", "{82D61919-7B0C-4031-8965-E85CC8FF192F}"
EndProject
Project("{9A19103F-16F7-4668-BE54-9A1E7A4F7556}") = "MyFirstMvcApp", "Apps\MyFirstMvcApp\MyFirstMvcApp.csproj", "{B97357FB-D1B3-40B8-B9D6-C377B8965A95}"
EndProject
Project("{FAE04EC0-301F-11D3-BF4B-00C04F79EFBC}") = "SUS.MvcFramework.Tests", "SUS.MvcFramework.Tests\SUS.MvcFramework.Tests.csproj", "{388117E2-8D6C-46AA-9361-6264D349E942}"
EndProject
Global
	GlobalSection(SolutionConfigurationPlatforms) = preSolution
		Debug|Any CPU = Debug|Any CPU
		Release|Any CPU = Release|Any CPU
	EndGlobalSection
	GlobalSection(ProjectConfigurationPlatforms) = postSolution
		{B208202B-B526-4C75-AEB8-A5EC3C9F72CC}.Debug|Any CPU.ActiveCfg = Debug|Any CPU
		{B208202B-B526-4C75-AEB8-A5EC3C9F72CC}.Debug|Any CPU.Build.0 = Debug|Any CPU
		{B208202B-B526-4C75-AEB8-A5EC3C9F72CC}.Release|Any CPU.ActiveCfg = Release|Any CPU
		{B208202B-B526-4C75-AEB8-A5EC3C9F72CC}.Release|Any CPU.Build.0 = Release|Any CPU
		{C72F093C-81DC-482D-80EC-79AC53EDECDD}.Debug|Any CPU.ActiveCfg = Debug|Any CPU
		{C72F093C-81DC-482D-80EC-79AC53EDECDD}.Debug|Any CPU.Build.0 = Debug|Any CPU
		{C72F093C-81DC-482D-80EC-79AC53EDECDD}.Release|Any CPU.ActiveCfg = Release|Any CPU
		{C72F093C-81DC-482D-80EC-79AC53EDECDD}.Release|Any CPU.Build.0 = Release|Any CPU
		{B97357FB-D1B3-40B8-B9D6-C377B8965A95}.Debug|Any CPU.ActiveCfg = Debug|Any CPU
		{B97357FB-D1B3-40B8-B9D6-C377B8965A95}.Debug|Any CPU.Build.0 = Debug|Any CPU
		{B97357FB-D1B3-40B8-B9D6-C377B8965A95}.Release|Any CPU.ActiveCfg = Release|Any CPU
		{B97357FB-D1B3-40B8-B9D6-C377B8965A95}.Release|Any CPU.Build.0 = Release|Any CPU
		{388117E2-8D6C-46AA-9361-6264D349E942}.Debug|Any CPU.ActiveCfg = Debug|Any CPU
		{388117E2-8D6C-46AA-9361-6264D349E942}.Debug|Any CPU.Build.0 = Debug|Any CPU
		{388117E2-8D6C-46AA-9361-6264D349E942}.Release|Any CPU.ActiveCfg = Release|Any CPU
		{388117E2-8D6C-46AA-9361-6264D349E942}.Release|Any CPU.Build.0 = Release|Any CPU
	EndGlobalSection
	GlobalSection(SolutionProperties) = preSolution
		HideSolutionNode = FALSE
	EndGlobalSection
	GlobalSection(NestedProjects) = preSolution
		{B97357FB-D1B3-40B8-B9D6-C377B8965A95} = {82D61919-7B0C-4031-8965-E85CC8FF192F}
	EndGlobalSection
	GlobalSection(ExtensibilityGlobals) = postSolution
		SolutionGuid = {6C1335DC-0C84-4683-B0C3-968422560D93}
	EndGlobalSection
EndGlobal
